{
  "name": "zinggrid-lithtml",
  "version": "1.0.0",
  "lockfileVersion": 1,
  "requires": true,
  "dependencies": {
    "lit-html": {
      "version": "1.4.1",
      "resolved": "https://registry.npmjs.org/lit-html/-/lit-html-1.4.1.tgz",
      "integrity": "sha512-B9btcSgPYb1q4oSOb/PrOT6Z/H+r6xuNzfH4lFli/AWhYwdtrgQkQWBbIc6mdnf6E2IL3gDXdkkqNktpU0OZQA=="
    },
    "zinggrid": {
      "version": "1.2.5",
      "resolved": "https://registry.npmjs.org/zinggrid/-/zinggrid-1.2.5.tgz",
      "integrity": "sha512-8h3OkaZn+h70rrwub07KKrgAr9HpJsf9j2Ln9Ul49lRZP7FHcG3F9oxzJMsusH8etdsJr1UNyrYiE+w413BROw=="
    }
  }
}
